
Microsoft Visual Studio Solution File, Format Version 12.00
# Visual Studio Version 17
VisualStudioVersion = 17.6.33712.159
MinimumVisualStudioVersion = 10.0.40219.1
Project("{9A19103F-16F7-4668-BE54-9A1E7A4F7556}") = "AgileCoding.Extentions.Logger", "AgileCoding.Extentions.Logger\AgileCoding.Extentions.Logger.csproj", "{5CE5FDC0-56DC-4723-8A10-8FC3D47CB9AE}"
EndProject
Global
	GlobalSection(SolutionConfigurationPlatforms) = preSolution
		Debug|Any CPU = Debug|Any CPU
		Release|Any CPU = Release|Any CPU
	EndGlobalSection
	GlobalSection(ProjectConfigurationPlatforms) = postSolution
		{5CE5FDC0-56DC-4723-8A10-8FC3D47CB9AE}.Debug|Any CPU.ActiveCfg = Debug|Any CPU
		{5CE5FDC0-56DC-4723-8A10-8FC3D47CB9AE}.Debug|Any CPU.Build.0 = Debug|Any CPU
		{5CE5FDC0-56DC-4723-8A10-8FC3D47CB9AE}.Release|Any CPU.ActiveCfg = Release|Any CPU
		{5CE5FDC0-56DC-4723-8A10-8FC3D47CB9AE}.Release|Any CPU.Build.0 = Release|Any CPU
	EndGlobalSection
	GlobalSection(SolutionProperties) = preSolution
		HideSolutionNode = FALSE
	EndGlobalSection
	GlobalSection(ExtensibilityGlobals) = postSolution
		SolutionGuid = {8DC57204-55D9-47E3-A883-D6D5345FEB98}
	EndGlobalSection
EndGlobal
